
Microsoft Visual Studio Solution File, Format Version 12.00
# Visual Studio 15
Project("{FAE04EC0-301F-11D3-BF4B-00C04F79EFBC}") = "Assembly-CSharp", "Assembly-CSharp.csproj", "{50886E99-4FBB-E8E3-386D-C2D2A04A3861}"
EndProject
Global
	GlobalSection(SolutionConfigurationPlatforms) = preSolution
		Debug|Any CPU = Debug|Any CPU
		Release|Any CPU = Release|Any CPU
	EndGlobalSection
	GlobalSection(ProjectConfigurationPlatforms) = postSolution
		{50886E99-4FBB-E8E3-386D-C2D2A04A3861}.Debug|Any CPU.ActiveCfg = Debug|Any CPU
		{50886E99-4FBB-E8E3-386D-C2D2A04A3861}.Debug|Any CPU.Build.0 = Debug|Any CPU
		{50886E99-4FBB-E8E3-386D-C2D2A04A3861}.Release|Any CPU.ActiveCfg = Release|Any CPU
		{50886E99-4FBB-E8E3-386D-C2D2A04A3861}.Release|Any CPU.Build.0 = Release|Any CPU
	EndGlobalSection
	GlobalSection(SolutionProperties) = preSolution
		HideSolutionNode = FALSE
	EndGlobalSection
EndGlobal
